// !$*UTF8*$!
{
	archiveVersion = 1;
	classes = {
	};
	objectVersion = 56;
	objects = {

/* Begin PBXBuildFile section */
		8426A2BA2D0EDFC100230601 /* ClothingApp.swift in Sources */ = {isa = PBXBuildFile; fileRef = 8426A2B92D0EDFC100230601 /* ClothingApp.swift */; };
		8426A2BC2D0EDFC100230601 /* ContentView.swift in Sources */ = {isa = PBXBuildFile; fileRef = 8426A2BB2D0EDFC100230601 /* ContentView.swift */; };
		8426A2BE2D0EDFC300230601 /* Assets.xcassets in Resources */ = {isa = PBXBuildFile; fileRef = 8426A2BD2D0EDFC300230601 /* Assets.xcassets */; };
		8426A2C12D0EDFC300230601 /* Preview Assets.xcassets in Resources */ = {isa = PBXBuildFile; fileRef = 8426A2C02D0EDFC300230601 /* Preview Assets.xcassets */; };
		8426A2C82D0EDFEB00230601 /* CardButton.swift in Sources */ = {isa = PBXBuildFile; fileRef = 8426A2C72D0EDFEB00230601 /* CardButton.swift */; };
		8426A2CA2D0EE1D000230601 /* CartProductView.swift in Sources */ = {isa = PBXBuildFile; fileRef = 8426A2C92D0EE1D000230601 /* CartProductView.swift */; };
		8426A2CC2D0EE1E700230601 /* ImageSliderView.swift in Sources */ = {isa = PBXBuildFile; fileRef = 8426A2CB2D0EE1E700230601 /* ImageSliderView.swift */; };
		8426A2CE2D0EE20200230601 /* LoginView.swift in Sources */ = {isa = PBXBuildFile; fileRef = 8426A2CD2D0EE20200230601 /* LoginView.swift */; };
		8426A2D22D0EE27B00230601 /* ProfileView.swift in Sources */ = {isa = PBXBuildFile; fileRef = 8426A2D12D0EE27B00230601 /* ProfileView.swift */; };
		8426A2D42D0EE29000230601 /* SearchView.swift in Sources */ = {isa = PBXBuildFile; fileRef = 8426A2D32D0EE29000230601 /* SearchView.swift */; };
		8426A2D62D0EE2A200230601 /* Clothes.swift in Sources */ = {isa = PBXBuildFile; fileRef = 8426A2D52D0EE2A200230601 /* Clothes.swift */; };
		8426A2D82D0EE2C200230601 /* AllProducts.swift in Sources */ = {isa = PBXBuildFile; fileRef = 8426A2D72D0EE2C200230601 /* AllProducts.swift */; };
		8426A2DA2D0EE2CD00230601 /* CartView.swift in Sources */ = {isa = PBXBuildFile; fileRef = 8426A2D92D0EE2CD00230601 /* CartView.swift */; };
		8426A2DC2D0EE2E400230601 /* HomePage.swift in Sources */ = {isa = PBXBuildFile; fileRef = 8426A2DB2D0EE2E400230601 /* HomePage.swift */; };
		8426A2DE2D0EE2FA00230601 /* ProductsDetails.swift in Sources */ = {isa = PBXBuildFile; fileRef = 8426A2DD2D0EE2FA00230601 /* ProductsDetails.swift */; };
		8426A2E02D0EE35500230601 /* PayPart.swift in Sources */ = {isa = PBXBuildFile; fileRef = 8426A2DF2D0EE35500230601 /* PayPart.swift */; };
		8426A2E22D0EE37200230601 /* ProductCard.swift in Sources */ = {isa = PBXBuildFile; fileRef = 8426A2E12D0EE37200230601 /* ProductCard.swift */; };
		8426A2E42D0EE3FB00230601 /* CartManager.swift in Sources */ = {isa = PBXBuildFile; fileRef = 8426A2E32D0EE3FB00230601 /* CartManager.swift */; };
/* End PBXBuildFile section */

/* Begin PBXFileReference section */
		8426A2B62D0EDFC100230601 /* Clothing.app */ = {isa = PBXFileReference; explicitFileType = wrapper.application; includeInIndex = 0; path = Clothing.app; sourceTree = BUILT_PRODUCTS_DIR; };
		8426A2B92D0EDFC100230601 /* ClothingApp.swift */ = {isa = PBXFileReference; lastKnownFileType = sourcecode.swift; path = ClothingApp.swift; sourceTree = "<group>"; };
		8426A2BB2D0EDFC100230601 /* ContentView.swift */ = {isa = PBXFileReference; lastKnownFileType = sourcecode.swift; path = ContentView.swift; sourceTree = "<group>"; };
		8426A2BD2D0EDFC300230601 /* Assets.xcassets */ = {isa = PBXFileReference; lastKnownFileType = folder.assetcatalog; path = Assets.xcassets; sourceTree = "<group>"; };
		8426A2C02D0EDFC300230601 /* Preview Assets.xcassets */ = {isa = PBXFileReference; lastKnownFileType = folder.assetcatalog; path = "Preview Assets.xcassets"; sourceTree = "<group>"; };
		8426A2C72D0EDFEB00230601 /* CardButton.swift */ = {isa = PBXFileReference; lastKnownFileType = sourcecode.swift; path = CardButton.swift; sourceTree = "<group>"; };
		8426A2C92D0EE1D000230601 /* CartProductView.swift */ = {isa = PBXFileReference; lastKnownFileType = sourcecode.swift; path = CartProductView.swift; sourceTree = "<group>"; };
		8426A2CB2D0EE1E700230601 /* ImageSliderView.swift */ = {isa = PBXFileReference; lastKnownFileType = sourcecode.swift; path = ImageSliderView.swift; sourceTree = "<group>"; };
		8426A2CD2D0EE20200230601 /* LoginView.swift */ = {isa = PBXFileReference; lastKnownFileType = sourcecode.swift; path = LoginView.swift; sourceTree = "<group>"; };
		8426A2D12D0EE27B00230601 /* ProfileView.swift */ = {isa = PBXFileReference; lastKnownFileType = sourcecode.swift; path = ProfileView.swift; sourceTree = "<group>"; };
		8426A2D32D0EE29000230601 /* SearchView.swift */ = {isa = PBXFileReference; lastKnownFileType = sourcecode.swift; path = SearchView.swift; sourceTree = "<group>"; };
		8426A2D52D0EE2A200230601 /* Clothes.swift */ = {isa = PBXFileReference; lastKnownFileType = sourcecode.swift; path = Clothes.swift; sourceTree = "<group>"; };
		8426A2D72D0EE2C200230601 /* AllProducts.swift */ = {isa = PBXFileReference; lastKnownFileType = sourcecode.swift; path = AllProducts.swift; sourceTree = "<group>"; };
		8426A2D92D0EE2CD00230601 /* CartView.swift */ = {isa = PBXFileReference; lastKnownFileType = sourcecode.swift; path = CartView.swift; sourceTree = "<group>"; };
		8426A2DB2D0EE2E400230601 /* HomePage.swift */ = {isa = PBXFileReference; lastKnownFileType = sourcecode.swift; path = HomePage.swift; sourceTree = "<group>"; };
		8426A2DD2D0EE2FA00230601 /* ProductsDetails.swift */ = {isa = PBXFileReference; lastKnownFileType = sourcecode.swift; path = ProductsDetails.swift; sourceTree = "<group>"; };
		8426A2DF2D0EE35500230601 /* PayPart.swift */ = {isa = PBXFileReference; lastKnownFileType = sourcecode.swift; path = PayPart.swift; sourceTree = "<group>"; };
		8426A2E12D0EE37200230601 /* ProductCard.swift */ = {isa = PBXFileReference; lastKnownFileType = sourcecode.swift; path = ProductCard.swift; sourceTree = "<group>"; };
		8426A2E32D0EE3FB00230601 /* CartManager.swift */ = {isa = PBXFileReference; lastKnownFileType = sourcecode.swift; path = CartManager.swift; sourceTree = "<group>"; };
/* End PBXFileReference section */

/* Begin PBXFrameworksBuildPhase section */
		8426A2B32D0EDFC100230601 /* Frameworks */ = {
			isa = PBXFrameworksBuildPhase;
			buildActionMask = 2147483647;
			files = (
			);
			runOnlyForDeploymentPostprocessing = 0;
		};
/* End PBXFrameworksBuildPhase section */

/* Begin PBXGroup section */
		8426A2AD2D0EDFC100230601 = {
			isa = PBXGroup;
			children = (
				8426A2B82D0EDFC100230601 /* Clothing */,
				8426A2B72D0EDFC100230601 /* Products */,
			);
			sourceTree = "<group>";
		};
		8426A2B72D0EDFC100230601 /* Products */ = {
			isa = PBXGroup;
			children = (
				8426A2B62D0EDFC100230601 /* Clothing.app */,
			);
			name = Products;
			sourceTree = "<group>";
		};
		8426A2B82D0EDFC100230601 /* Clothing */ = {
			isa = PBXGroup;
			children = (
				8426A2E52D0EE92200230601 /* Views */,
				8426A2D92D0EE2CD00230601 /* CartView.swift */,
				8426A2DD2D0EE2FA00230601 /* ProductsDetails.swift */,
				8426A2DB2D0EE2E400230601 /* HomePage.swift */,
				8426A2D72D0EE2C200230601 /* AllProducts.swift */,
				8426A2B92D0EDFC100230601 /* ClothingApp.swift */,
				8426A2BB2D0EDFC100230601 /* ContentView.swift */,
				8426A2D12D0EE27B00230601 /* ProfileView.swift */,
				8426A2CD2D0EE20200230601 /* LoginView.swift */,
				8426A2BD2D0EDFC300230601 /* Assets.xcassets */,
				8426A2CB2D0EE1E700230601 /* ImageSliderView.swift */,
				8426A2BF2D0EDFC300230601 /* Preview Content */,
				8426A2C72D0EDFEB00230601 /* CardButton.swift */,
				8426A2C92D0EE1D000230601 /* CartProductView.swift */,
				8426A2D32D0EE29000230601 /* SearchView.swift */,
				8426A2D52D0EE2A200230601 /* Clothes.swift */,
				8426A2DF2D0EE35500230601 /* PayPart.swift */,
				8426A2E12D0EE37200230601 /* ProductCard.swift */,
				8426A2E32D0EE3FB00230601 /* CartManager.swift */,
			);
			path = Clothing;
			sourceTree = "<group>";
		};
		8426A2BF2D0EDFC300230601 /* Preview Content */ = {
			isa = PBXGroup;
			children = (
				8426A2C02D0EDFC300230601 /* Preview Assets.xcassets */,
			);
			path = "Preview Content";
			sourceTree = "<group>";
		};
		8426A2E52D0EE92200230601 /* Views */ = {
			isa = PBXGroup;
			children = (
			);
			path = Views;
			sourceTree = "<group>";
		};
/* End PBXGroup section */

/* Begin PBXNativeTarget section */
		8426A2B52D0EDFC100230601 /* Clothing */ = {
			isa = PBXNativeTarget;
			buildConfigurationList = 8426A2C42D0EDFC300230601 /* Build configuration list for PBXNativeTarget "Clothing" */;
			buildPhases = (
				8426A2B22D0EDFC100230601 /* Sources */,
				8426A2B32D0EDFC100230601 /* Frameworks */,
				8426A2B42D0EDFC100230601 /* Resources */,
			);
			buildRules = (
			);
			dependencies = (
			);
			name = Clothing;
			productName = Clothing;
			productReference = 8426A2B62D0EDFC100230601 /* Clothing.app */;
			productType = "com.apple.product-type.application";
		};
/* End PBXNativeTarget section */

/* Begin PBXProject section */
		8426A2AE2D0EDFC100230601 /* Project object */ = {
			isa = PBXProject;
			attributes = {
				BuildIndependentTargetsInParallel = 1;
				LastSwiftUpdateCheck = 1520;
				LastUpgradeCheck = 1520;
				TargetAttributes = {
					8426A2B52D0EDFC100230601 = {
						CreatedOnToolsVersion = 15.2;
					};
				};
			};
			buildConfigurationList = 8426A2B12D0EDFC100230601 /* Build configuration list for PBXProject "Clothing" */;
			compatibilityVersion = "Xcode 14.0";
			developmentRegion = en;
			hasScannedForEncodings = 0;
			knownRegions = (
				en,
				Base,
			);
			mainGroup = 8426A2AD2D0EDFC100230601;
			productRefGroup = 8426A2B72D0EDFC100230601 /* Products */;
			projectDirPath = "";
			projectRoot = "";
			targets = (
				8426A2B52D0EDFC100230601 /* Clothing */,
			);
		};
/* End PBXProject section */

/* Begin PBXResourcesBuildPhase section */
		8426A2B42D0EDFC100230601 /* Resources */ = {
			isa = PBXResourcesBuildPhase;
			buildActionMask = 2147483647;
			files = (
				8426A2C12D0EDFC300230601 /* Preview Assets.xcassets in Resources */,
				8426A2BE2D0EDFC300230601 /* Assets.xcassets in Resources */,
			);
			runOnlyForDeploymentPostprocessing = 0;
		};
/* End PBXResourcesBuildPhase section */

/* Begin PBXSourcesBuildPhase section */
		8426A2B22D0EDFC100230601 /* Sources */ = {
			isa = PBXSourcesBuildPhase;
			buildActionMask = 2147483647;
			files = (
				8426A2D62D0EE2A200230601 /* Clothes.swift in Sources */,
				8426A2E42D0EE3FB00230601 /* CartManager.swift in Sources */,
				8426A2D82D0EE2C200230601 /* AllProducts.swift in Sources */,
				8426A2D22D0EE27B00230601 /* ProfileView.swift in Sources */,
				8426A2CE2D0EE20200230601 /* LoginView.swift in Sources */,
				8426A2BC2D0EDFC100230601 /* ContentView.swift in Sources */,
				8426A2DE2D0EE2FA00230601 /* ProductsDetails.swift in Sources */,
				8426A2C82D0EDFEB00230601 /* CardButton.swift in Sources */,
				8426A2DA2D0EE2CD00230601 /* CartView.swift in Sources */,
				8426A2E22D0EE37200230601 /* ProductCard.swift in Sources */,
				8426A2DC2D0EE2E400230601 /* HomePage.swift in Sources */,
				8426A2E02D0EE35500230601 /* PayPart.swift in Sources */,
				8426A2D42D0EE29000230601 /* SearchView.swift in Sources */,
				8426A2CA2D0EE1D000230601 /* CartProductView.swift in Sources */,
				8426A2BA2D0EDFC100230601 /* ClothingApp.swift in Sources */,
				8426A2CC2D0EE1E700230601 /* ImageSliderView.swift in Sources */,
			);
			runOnlyForDeploymentPostprocessing = 0;
		};
/* End PBXSourcesBuildPhase section */

/* Begin XCBuildConfiguration section */
		8426A2C22D0EDFC300230601 /* Debug */ = {
			isa = XCBuildConfiguration;
			buildSettings = {
				ALWAYS_SEARCH_USER_PATHS = NO;
				ASSETCATALOG_COMPILER_GENERATE_SWIFT_ASSET_SYMBOL_EXTENSIONS = YES;
				CLANG_ANALYZER_NONNULL = YES;
				CLANG_ANALYZER_NUMBER_OBJECT_CONVERSION = YES_AGGRESSIVE;
				CLANG_CXX_LANGUAGE_STANDARD = "gnu++20";
				CLANG_ENABLE_MODULES = YES;
				CLANG_ENABLE_OBJC_ARC = YES;
				CLANG_ENABLE_OBJC_WEAK = YES;
				CLANG_WARN_BLOCK_CAPTURE_AUTORELEASING = YES;
				CLANG_WARN_BOOL_CONVERSION = YES;
				CLANG_WARN_COMMA = YES;
				CLANG_WARN_CONSTANT_CONVERSION = YES;
				CLANG_WARN_DEPRECATED_OBJC_IMPLEMENTATIONS = YES;
				CLANG_WARN_DIRECT_OBJC_ISA_USAGE = YES_ERROR;
				CLANG_WARN_DOCUMENTATION_COMMENTS = YES;
				CLANG_WARN_EMPTY_BODY = YES;
				CLANG_WARN_ENUM_CONVERSION = YES;
				CLANG_WARN_INFINITE_RECURSION = YES;
				CLANG_WARN_INT_CONVERSION = YES;
				CLANG_WARN_NON_LITERAL_NULL_CONVERSION = YES;
				CLANG_WARN_OBJC_IMPLICIT_RETAIN_SELF = YES;
				CLANG_WARN_OBJC_LITERAL_CONVERSION = YES;
				CLANG_WARN_OBJC_ROOT_CLASS = YES_ERROR;
				CLANG_WARN_QUOTED_INCLUDE_IN_FRAMEWORK_HEADER = YES;
				CLANG_WARN_RANGE_LOOP_ANALYSIS = YES;
				CLANG_WARN_STRICT_PROTOTYPES = YES;
				CLANG_WARN_SUSPICIOUS_MOVE = YES;
				CLANG_WARN_UNGUARDED_AVAILABILITY = YES_AGGRESSIVE;
				CLANG_WARN_UNREACHABLE_CODE = YES;
				CLANG_WARN__DUPLICATE_METHOD_MATCH = YES;
				COPY_PHASE_STRIP = NO;
				DEBUG_INFORMATION_FORMAT = dwarf;
				ENABLE_STRICT_OBJC_MSGSEND = YES;
				ENABLE_TESTABILITY = YES;
				ENABLE_USER_SCRIPT_SANDBOXING = YES;
				GCC_C_LANGUAGE_STANDARD = gnu17;
				GCC_DYNAMIC_NO_PIC = NO;
				GCC_NO_COMMON_BLOCKS = YES;
				GCC_OPTIMIZATION_LEVEL = 0;
				GCC_PREPROCESSOR_DEFINITIONS = (
					"DEBUG=1",
					"$(inherited)",
				);
				GCC_WARN_64_TO_32_BIT_CONVERSION = YES;
				GCC_WARN_ABOUT_RETURN_TYPE = YES_ERROR;
				GCC_WARN_UNDECLARED_SELECTOR = YES;
				GCC_WARN_UNINITIALIZED_AUTOS = YES_AGGRESSIVE;
				GCC_WARN_UNUSED_FUNCTION = YES;
				GCC_WARN_UNUSED_VARIABLE = YES;
				IPHONEOS_DEPLOYMENT_TARGET = 17.2;
				LOCALIZATION_PREFERS_STRING_CATALOGS = YES;
				MTL_ENABLE_DEBUG_INFO = INCLUDE_SOURCE;
				MTL_FAST_MATH = YES;
				ONLY_ACTIVE_ARCH = YES;
				SDKROOT = iphoneos;
				SWIFT_ACTIVE_COMPILATION_CONDITIONS = "DEBUG $(inherited)";
				SWIFT_OPTIMIZATION_LEVEL = "-Onone";
			};
			name = Debug;
		};
		8426A2C32D0EDFC300230601 /* Release */ = {
			isa = XCBuildConfiguration;
			buildSettings = {
				ALWAYS_SEARCH_USER_PATHS = NO;
				ASSETCATALOG_COMPILER_GENERATE_SWIFT_ASSET_SYMBOL_EXTENSIONS = YES;
				CLANG_ANALYZER_NONNULL = YES;
				CLANG_ANALYZER_NUMBER_OBJECT_CONVERSION = YES_AGGRESSIVE;
				CLANG_CXX_LANGUAGE_STANDARD = "gnu++20";
				CLANG_ENABLE_MODULES = YES;
				CLANG_ENABLE_OBJC_ARC = YES;
				CLANG_ENABLE_OBJC_WEAK = YES;
				CLANG_WARN_BLOCK_CAPTURE_AUTORELEASING = YES;
				CLANG_WARN_BOOL_CONVERSION = YES;
				CLANG_WARN_COMMA = YES;
				CLANG_WARN_CONSTANT_CONVERSION = YES;
				CLANG_WARN_DEPRECATED_OBJC_IMPLEMENTATIONS = YES;
				CLANG_WARN_DIRECT_OBJC_ISA_USAGE = YES_ERROR;
				CLANG_WARN_DOCUMENTATION_COMMENTS = YES;
				CLANG_WARN_EMPTY_BODY = YES;
				CLANG_WARN_ENUM_CONVERSION = YES;
				CLANG_WARN_INFINITE_RECURSION = YES;
				CLANG_WARN_INT_CONVERSION = YES;
				CLANG_WARN_NON_LITERAL_NULL_CONVERSION = YES;
				CLANG_WARN_OBJC_IMPLICIT_RETAIN_SELF = YES;
				CLANG_WARN_OBJC_LITERAL_CONVERSION = YES;
				CLANG_WARN_OBJC_ROOT_CLASS = YES_ERROR;
				CLANG_WARN_QUOTED_INCLUDE_IN_FRAMEWORK_HEADER = YES;
				CLANG_WARN_RANGE_LOOP_ANALYSIS = YES;
				CLANG_WARN_STRICT_PROTOTYPES = YES;
				CLANG_WARN_SUSPICIOUS_MOVE = YES;
				CLANG_WARN_UNGUARDED_AVAILABILITY = YES_AGGRESSIVE;
				CLANG_WARN_UNREACHABLE_CODE = YES;
				CLANG_WARN__DUPLICATE_METHOD_MATCH = YES;
				COPY_PHASE_STRIP = NO;
				DEBUG_INFORMATION_FORMAT = "dwarf-with-dsym";
				ENABLE_NS_ASSERTIONS = NO;
				ENABLE_STRICT_OBJC_MSGSEND = YES;
				ENABLE_USER_SCRIPT_SANDBOXING = YES;
				GCC_C_LANGUAGE_STANDARD = gnu17;
				GCC_NO_COMMON_BLOCKS = YES;
				GCC_WARN_64_TO_32_BIT_CONVERSION = YES;
				GCC_WARN_ABOUT_RETURN_TYPE = YES_ERROR;
				GCC_WARN_UNDECLARED_SELECTOR = YES;
				GCC_WARN_UNINITIALIZED_AUTOS = YES_AGGRESSIVE;
				GCC_WARN_UNUSED_FUNCTION = YES;
				GCC_WARN_UNUSED_VARIABLE = YES;
				IPHONEOS_DEPLOYMENT_TARGET = 17.2;
				LOCALIZATION_PREFERS_STRING_CATALOGS = YES;
				MTL_ENABLE_DEBUG_INFO = NO;
				MTL_FAST_MATH = YES;
				SDKROOT = iphoneos;
				SWIFT_COMPILATION_MODE = wholemodule;
				VALIDATE_PRODUCT = YES;
			};
			name = Release;
		};
		8426A2C52D0EDFC300230601 /* Debug */ = {
			isa = XCBuildConfiguration;
			buildSettings = {
				ASSETCATALOG_COMPILER_APPICON_NAME = AppIcon;
				ASSETCATALOG_COMPILER_GLOBAL_ACCENT_COLOR_NAME = AccentColor;
				CODE_SIGN_STYLE = Automatic;
				CURRENT_PROJECT_VERSION = 1;
				DEVELOPMENT_ASSET_PATHS = "\"Clothing/Preview Content\"";
				ENABLE_PREVIEWS = YES;
				GENERATE_INFOPLIST_FILE = YES;
				INFOPLIST_KEY_UIApplicationSceneManifest_Generation = YES;
				INFOPLIST_KEY_UIApplicationSupportsIndirectInputEvents = YES;
				INFOPLIST_KEY_UILaunchScreen_Generation = YES;
				INFOPLIST_KEY_UISupportedInterfaceOrientations_iPad = "UIInterfaceOrientationPortrait UIInterfaceOrientationPortraitUpsideDown UIInterfaceOrientationLandscapeLeft UIInterfaceOrientationLandscapeRight";
				INFOPLIST_KEY_UISupportedInterfaceOrientations_iPhone = "UIInterfaceOrientationPortrait UIInterfaceOrientationLandscapeLeft UIInterfaceOrientationLandscapeRight";
				LD_RUNPATH_SEARCH_PATHS = (
					"$(inherited)",
					"@executable_path/Frameworks",
				);
				MARKETING_VERSION = 1.0;
				PRODUCT_BUNDLE_IDENTIFIER = bh.aubh.Clothing;
				PRODUCT_NAME = "$(TARGET_NAME)";
				SWIFT_EMIT_LOC_STRINGS = YES;
				SWIFT_VERSION = 5.0;
				TARGETED_DEVICE_FAMILY = "1,2";
			};
			name = Debug;
		};
		8426A2C62D0EDFC300230601 /* Release */ = {
			isa = XCBuildConfiguration;
			buildSettings = {
				ASSETCATALOG_COMPILER_APPICON_NAME = AppIcon;
				ASSETCATALOG_COMPILER_GLOBAL_ACCENT_COLOR_NAME = AccentColor;
				CODE_SIGN_STYLE = Automatic;
				CURRENT_PROJECT_VERSION = 1;
				DEVELOPMENT_ASSET_PATHS = "\"Clothing/Preview Content\"";
				ENABLE_PREVIEWS = YES;
				GENERATE_INFOPLIST_FILE = YES;
				INFOPLIST_KEY_UIApplicationSceneManifest_Generation = YES;
				INFOPLIST_KEY_UIApplicationSupportsIndirectInputEvents = YES;
				INFOPLIST_KEY_UILaunchScreen_Generation = YES;
				INFOPLIST_KEY_UISupportedInterfaceOrientations_iPad = "UIInterfaceOrientationPortrait UIInterfaceOrientationPortraitUpsideDown UIInterfaceOrientationLandscapeLeft UIInterfaceOrientationLandscapeRight";
				INFOPLIST_KEY_UISupportedInterfaceOrientations_iPhone = "UIInterfaceOrientationPortrait UIInterfaceOrientationLandscapeLeft UIInterfaceOrientationLandscapeRight";
				LD_RUNPATH_SEARCH_PATHS = (
					"$(inherited)",
					"@executable_path/Frameworks",
				);
				MARKETING_VERSION = 1.0;
				PRODUCT_BUNDLE_IDENTIFIER = bh.aubh.Clothing;
				PRODUCT_NAME = "$(TARGET_NAME)";
				SWIFT_EMIT_LOC_STRINGS = YES;
				SWIFT_VERSION = 5.0;
				TARGETED_DEVICE_FAMILY = "1,2";
			};
			name = Release;
		};
/* End XCBuildConfiguration section */

/* Begin XCConfigurationList section */
		8426A2B12D0EDFC100230601 /* Build configuration list for PBXProject "Clothing" */ = {
			isa = XCConfigurationList;
			buildConfigurations = (
				8426A2C22D0EDFC300230601 /* Debug */,
				8426A2C32D0EDFC300230601 /* Release */,
			);
			defaultConfigurationIsVisible = 0;
			defaultConfigurationName = Release;
		};
		8426A2C42D0EDFC300230601 /* Build configuration list for PBXNativeTarget "Clothing" */ = {
			isa = XCConfigurationList;
			buildConfigurations = (
				8426A2C52D0EDFC300230601 /* Debug */,
				8426A2C62D0EDFC300230601 /* Release */,
			);
			defaultConfigurationIsVisible = 0;
			defaultConfigurationName = Release;
		};
/* End XCConfigurationList section */
	};
	rootObject = 8426A2AE2D0EDFC100230601 /* Project object */;
}
